
Microsoft Visual Studio Solution File, Format Version 12.00
# Visual Studio Version 17
VisualStudioVersion = 17.2.32516.85
MinimumVisualStudioVersion = 10.0.40219.1
Project("{FAE04EC0-301F-11D3-BF4B-00C04F79EFBC}") = "Labs_OOP8", "Labs_OOP8\Labs_OOP8.csproj", "{3A2783D9-8349-49B2-8287-D8DB1A94102A}"
EndProject
Global
	GlobalSection(SolutionConfigurationPlatforms) = preSolution
		Debug|Any CPU = Debug|Any CPU
		Release|Any CPU = Release|Any CPU
	EndGlobalSection
	GlobalSection(ProjectConfigurationPlatforms) = postSolution
		{3A2783D9-8349-49B2-8287-D8DB1A94102A}.Debug|Any CPU.ActiveCfg = Debug|Any CPU
		{3A2783D9-8349-49B2-8287-D8DB1A94102A}.Debug|Any CPU.Build.0 = Debug|Any CPU
		{3A2783D9-8349-49B2-8287-D8DB1A94102A}.Release|Any CPU.ActiveCfg = Release|Any CPU
		{3A2783D9-8349-49B2-8287-D8DB1A94102A}.Release|Any CPU.Build.0 = Release|Any CPU
	EndGlobalSection
	GlobalSection(SolutionProperties) = preSolution
		HideSolutionNode = FALSE
	EndGlobalSection
	GlobalSection(ExtensibilityGlobals) = postSolution
		SolutionGuid = {92F3EDB2-51E8-4D3A-9A5F-ED39748FE823}
	EndGlobalSection
EndGlobal
